[[package]]
name = "annotated-types"
version = "0.5.0"
description = "Reusable constraint types to use with typing.Annotated"
category = "main"
optional = false
python-versions = ">=3.7"

[[package]]
name = "anyio"
version = "3.7.1"
description = "High level compatibility layer for multiple asynchronous event loop implementations"
category = "main"
optional = false
python-versions = ">=3.7"

[package.dependencies]
idna = ">=2.8"
sniffio = ">=1.1"

[package.extras]
doc = ["Sphinx", "packaging", "sphinx-autodoc-typehints (>=1.2.0)", "sphinx-rtd-theme (>=1.2.2)", "sphinxcontrib-jquery"]
test = ["anyio[trio]", "coverage[toml] (>=4.5)", "hypothesis (>=4.0)", "mock (>=4)", "psutil (>=5.9)", "pytest (>=7.0)", "pytest-mock (>=3.6.1)", "trustme", "uvloop (>=0.17)"]
trio = ["trio (<0.22)"]

[[package]]
name = "click"
version = "8.1.6"
description = "Composable command line interface toolkit"
category = "main"
optional = false
python-versions = ">=3.7"

[package.dependencies]
colorama = {version = "*", markers = "platform_system == \"Windows\""}

[[package]]
name = "colorama"
version = "0.4.6"
description = "Cross-platform colored terminal text."
category = "main"
optional = false
python-versions = "!=3.0.*,!=3.1.*,!=3.2.*,!=3.3.*,!=3.4.*,!=3.5.*,!=3.6.*,>=2.7"

[[package]]
name = "fastapi"
version = "0.100.0"
description = "FastAPI framework, high performance, easy to learn, fast to code, ready for production"
category = "main"
optional = false
python-versions = ">=3.7"

[package.dependencies]
pydantic = ">=1.7.4,<1.8 || >1.8,<1.8.1 || >1.8.1,<2.0.0 || >2.0.0,<2.0.1 || >2.0.1,<3.0.0"
starlette = ">=0.27.0,<0.28.0"
typing-extensions = ">=4.5.0"

[package.extras]
all = ["email-validator (>=2.0.0)", "httpx (>=0.23.0)", "itsdangerous (>=1.1.0)", "jinja2 (>=2.11.2)", "orjson (>=3.2.1)", "pydantic-extra-types (>=2.0.0)", "pydantic-settings (>=2.0.0)", "python-multipart (>=0.0.5)", "pyyaml (>=5.3.1)", "ujson (>=4.0.1,!=4.0.2,!=4.1.0,!=4.2.0,!=4.3.0,!=5.0.0,!=5.1.0)", "uvicorn[standard] (>=0.12.0)"]

[[package]]
name = "h11"
version = "0.14.0"
description = "A pure-Python, bring-your-own-I/O implementation of HTTP/1.1"
category = "main"
optional = false
python-versions = ">=3.7"

[[package]]
name = "idna"
version = "3.4"
description = "Internationalized Domain Names in Applications (IDNA)"
category = "main"
optional = false
python-versions = ">=3.5"

[[package]]
name = "pydantic"
version = "2.0.3"
description = "Data validation using Python type hints"
category = "main"
optional = false
python-versions = ">=3.7"

[package.dependencies]
annotated-types = ">=0.4.0"
pydantic-core = "2.3.0"
typing-extensions = ">=4.6.1"

[package.extras]
email = ["email-validator (>=2.0.0)"]

[[package]]
name = "pydantic-core"
version = "2.3.0"
description = ""
category = "main"
optional = false
python-versions = ">=3.7"

[package.dependencies]
typing-extensions = ">=4.6.0,<4.7.0 || >4.7.0"

[[package]]
name = "sniffio"
version = "1.3.0"
description = "Sniff out which async library your code is running under"
category = "main"
optional = false
python-versions = ">=3.7"

[[package]]
name = "starlette"
version = "0.27.0"
description = "The little ASGI library that shines."
category = "main"
optional = false
python-versions = ">=3.7"

[package.dependencies]
anyio = ">=3.4.0,<5"

[package.extras]
full = ["httpx (>=0.22.0)", "itsdangerous", "jinja2", "python-multipart", "pyyaml"]

[[package]]
name = "typing-extensions"
version = "4.7.1"
description = "Backported and Experimental Type Hints for Python 3.7+"
category = "main"
optional = false
python-versions = ">=3.7"

[[package]]
name = "uvicorn"
version = "0.23.1"
description = "The lightning-fast ASGI server."
category = "main"
optional = false
python-versions = ">=3.8"

[package.dependencies]
click = ">=7.0"
h11 = ">=0.8"

[package.extras]
standard = ["colorama (>=0.4)", "httptools (>=0.5.0)", "python-dotenv (>=0.13)", "pyyaml (>=5.1)", "uvloop (>=0.14.0,!=0.15.0,!=0.15.1)", "watchfiles (>=0.13)", "websockets (>=10.4)"]

[metadata]
lock-version = "1.1"
python-versions = "^3.11"
content-hash = "7012f129bca62a051cc56496bec914a78b9b349c9bca9fe5a5ac083a048c063f"

[metadata.files]
annotated-types = [
    {file = "annotated_types-0.5.0-py3-none-any.whl", hash = "sha256:58da39888f92c276ad970249761ebea80ba544b77acddaa1a4d6cf78287d45fd"},
    {file = "annotated_types-0.5.0.tar.gz", hash = "sha256:47cdc3490d9ac1506ce92c7aaa76c579dc3509ff11e098fc867e5130ab7be802"},
]
anyio = [
    {file = "anyio-3.7.1-py3-none-any.whl", hash = "sha256:91dee416e570e92c64041bd18b900d1d6fa78dff7048769ce5ac5ddad004fbb5"},
    {file = "anyio-3.7.1.tar.gz", hash = "sha256:44a3c9aba0f5defa43261a8b3efb97891f2bd7d804e0e1f56419befa1adfc780"},
]
click = [
    {file = "click-8.1.6-py3-none-any.whl", hash = "sha256:fa244bb30b3b5ee2cae3da8f55c9e5e0c0e86093306301fb418eb9dc40fbded5"},
    {file = "click-8.1.6.tar.gz", hash = "sha256:48ee849951919527a045bfe3bf7baa8a959c423134e1a5b98c05c20ba75a1cbd"},
]
colorama = [
    {file = "colorama-0.4.6-py2.py3-none-any.whl", hash = "sha256:4f1d9991f5acc0ca119f9d443620b77f9d6b33703e51011c16baf57afb285fc6"},
    {file = "colorama-0.4.6.tar.gz", hash = "sha256:08695f5cb7ed6e0531a20572697297273c47b8cae5a63ffc6d6ed5c201be6e44"},
]
fastapi = [
    {file = "fastapi-0.100.0-py3-none-any.whl", hash = "sha256:271662daf986da8fa98dc2b7c7f61c4abdfdccfb4786d79ed8b2878f172c6d5f"},
    {file = "fastapi-0.100.0.tar.gz", hash = "sha256:acb5f941ea8215663283c10018323ba7ea737c571b67fc7e88e9469c7eb1d12e"},
]
h11 = [
    {file = "h11-0.14.0-py3-none-any.whl", hash = "sha256:e3fe4ac4b851c468cc8363d500db52c2ead036020723024a109d37346efaa761"},
    {file = "h11-0.14.0.tar.gz", hash = "sha256:8f19fbbe99e72420ff35c00b27a34cb9937e902a8b810e2c88300c6f0a3b699d"},
]
idna = [
    {file = "idna-3.4-py3-none-any.whl", hash = "sha256:90b77e79eaa3eba6de819a0c442c0b4ceefc341a7a2ab77d7562bf49f425c5c2"},
    {file = "idna-3.4.tar.gz", hash = "sha256:814f528e8dead7d329833b91c5faa87d60bf71824cd12a7530b5526063d02cb4"},
]
pydantic = [
    {file = "pydantic-2.0.3-py3-none-any.whl", hash = "sha256:614eb3321eb600c81899a88fa9858b008e3c79e0d4f1b49ab1f516b4b0c27cfb"},
    {file = "pydantic-2.0.3.tar.gz", hash = "sha256:94f13e0dcf139a5125e88283fc999788d894e14ed90cf478bcc2ee50bd4fc630"},
]
pydantic-core = [
    {file = "pydantic_core-2.3.0-cp310-cp310-macosx_10_7_x86_64.whl", hash = "sha256:4542c98b8364b976593703a2dda97377433b102f380b61bc3a2cbc2fbdae1d1f"},
    {file = "pydantic_core-2.3.0-cp310-cp310-macosx_11_0_arm64.whl", hash = "sha256:9342de50824b40f55d2600f66c6f9a91a3a24851eca39145a749a3dc804ee599"},
    {file = "pydantic_core-2.3.0-cp310-cp310-manylinux_2_17_aarch64.manylinux2014_aarch64.whl", hash = "sha256:539432f911686cb80284c30b33eaf9f4fd9a11e1111fe0dc98fdbdce69b49821"},
    {file = "pydantic_core-2.3.0-cp310-cp310-manylinux_2_17_x86_64.manylinux2014_x86_64.whl", hash = "sha256:38a0e7ee65c8999394d92d9c724434cb629279d19844f2b69d9bbc46dc8b8b61"},
    {file = "pydantic_core-2.3.0-cp310-cp310-manylinux_2_24_armv7l.whl", hash = "sha256:e3ed6834cc005798187a56c248a2240207cb8ffdda1c89e9afda4c3d526c2ea0"},
    {file = "pydantic_core-2.3.0-cp310-cp310-manylinux_2_24_ppc64le.whl", hash = "sha256:e72ac299a6bf732a60852d052acf3999d234686755a02ba111e85e7ebf8155b1"},
    {file = "pydantic_core-2.3.0-cp310-cp310-manylinux_2_24_s390x.whl", hash = "sha256:616b3451b05ca63b8f433c627f68046b39543faeaa4e50d8c6699a2a1e4b85a5"},
    {file = "pydantic_core-2.3.0-cp310-cp310-manylinux_2_5_i686.manylinux1_i686.whl", hash = "sha256:adcb9c8848e15c613e483e0b99767ae325af27fe0dbd866df01fe5849d06e6e1"},
    {file = "pydantic_core-2.3.0-cp310-cp310-musllinux_1_1_aarch64.whl", hash = "sha256:464bf799b422be662e5e562e62beeffc9eaa907d381a9d63a2556615bbda286d"},
    {file = "pydantic_core-2.3.0-cp310-cp310-musllinux_1_1_x86_64.whl", hash = "sha256:4638ebc17de08c2f3acba557efeb6f195c88b7299d8c55c0bb4e20638bbd4d03"},
    {file = "pydantic_core-2.3.0-cp310-none-win32.whl", hash = "sha256:9ff322c7e1030543d35d83bb521b69114d3d150750528d7757544f639def9ad6"},
    {file = "pydantic_core-2.3.0-cp310-none-win_amd64.whl", hash = "sha256:4824eb018f0a4680b1e434697a9bf3f41c7799b80076d06530cbbd212e040ccc"},
    {file = "pydantic_core-2.3.0-cp311-cp311-macosx_10_7_x86_64.whl", hash = "sha256:0aa429578e23885b3984c49d687cd05ab06f0b908ea1711a8bf7e503b7f97160"},
    {file = "pydantic_core-2.3.0-cp311-cp311-macosx_11_0_arm64.whl", hash = "sha256:20d710c1f79af930b8891bcebd84096798e4387ab64023ef41521d58f21277d3"},
    {file = "pydantic_core-2.3.0-cp311-cp311-manylinux_2_17_aarch64.manylinux2014_aarch64.whl", hash = "sha256:309f45d4d7481d6f09cb9e35c72caa0e50add4a30bb08c04c5fe5956a0158633"},
    {file = "pydantic_core-2.3.0-cp311-cp311-manylinux_2_17_x86_64.manylinux2014_x86_64.whl", hash = "sha256:1bcfb7be905aa849bd882262e1df3f75b564e2f708b4b4c7ad2d3deaf5410562"},
    {file = "pydantic_core-2.3.0-cp311-cp311-manylinux_2_24_armv7l.whl", hash = "sha256:85cd9c0af34e371390e3cb2f3a470b0b40cc07568c1e966c638c49062be6352d"},
    {file = "pydantic_core-2.3.0-cp311-cp311-manylinux_2_24_ppc64le.whl", hash = "sha256:37c5028cebdf731298724070838fb3a71ef1fbd201d193d311ac2cbdbca25a23"},
    {file = "pydantic_core-2.3.0-cp311-cp311-manylinux_2_24_s390x.whl", hash = "sha256:e4208f23f12d0ad206a07a489ef4cb15722c10b62774c4460ee4123250be938e"},
    {file = "pydantic_core-2.3.0-cp311-cp311-manylinux_2_5_i686.manylinux1_i686.whl", hash = "sha256:c24465dd11b65c8510f251b095fc788c7c91481c81840112fe3f76c30793a455"},
    {file = "pydantic_core-2.3.0-cp311-cp311-musllinux_1_1_aarch64.whl", hash = "sha256:3cd7ee8bbfab277ab56e272221886fd33a1b5943fbf45ae9195aa6a48715a8a0"},
    {file = "pydantic_core-2.3.0-cp311-cp311-musllinux_1_1_x86_64.whl", hash = "sha256:0fc7e0b056b66cc536e97ef60f48b3b289f6b3b62ac225afd4b22a42434617bf"},
    {file = "pydantic_core-2.3.0-cp311-none-win32.whl", hash = "sha256:4788135db4bd83a5edc3522b11544b013be7d25b74b155e08dd3b20cd6663bbb"},
    {file = "pydantic_core-2.3.0-cp311-none-win_amd64.whl", hash = "sha256:f93c867e5e85584a28c6a6feb6f2086d717266eb5d1210d096dd717b7f4dec04"},
    {file = "pydantic_core-2.3.0-cp312-cp312-macosx_10_7_x86_64.whl", hash = "sha256:73f62bb7fd862d9bcd886e10612bade6fe042eda8b47e8c129892bcfb7b45e84"},
    {file = "pydantic_core-2.3.0-cp312-cp312-macosx_11_0_arm64.whl", hash = "sha256:4d889d498fce64bfcd8adf1a78579a7f626f825cbeb2956a24a29b35f9a1df32"},
    {file = "pydantic_core-2.3.0-cp312-cp312-manylinux_2_17_aarch64.manylinux2014_aarch64.whl", hash = "sha256:7d55e38a89ec2ae17b2fa7ffeda6b70f63afab1888bd0d57aaa7b7879760acb4"},
    {file = "pydantic_core-2.3.0-cp312-cp312-manylinux_2_17_x86_64.manylinux2014_x86_64.whl", hash = "sha256:1aefebb506bc1fe355d91d25f12bcdea7f4d7c2d9f0f6716dd025543777c99a5"},
    {file = "pydantic_core-2.3.0-cp312-cp312-manylinux_2_24_armv7l.whl", hash = "sha256:6441a29f42585f085db0c04cd0557d4cbbb46fa68a0972409b1cfe9f430280c1"},
    {file = "pydantic_core-2.3.0-cp312-cp312-manylinux_2_24_ppc64le.whl", hash = "sha256:47e8f034be31390a8f525431eb5e803a78ce7e2e11b32abf5361a972e14e6b61"},
    {file = "pydantic_core-2.3.0-cp312-cp312-manylinux_2_24_s390x.whl", hash = "sha256:ad814864aba263be9c83ada44a95f72d10caabbf91589321f95c29c902bdcff0"},
    {file = "pydantic_core-2.3.0-cp312-cp312-manylinux_2_5_i686.manylinux1_i686.whl", hash = "sha256:9eff3837d447fccf2ac38c259b14ab9cbde700df355a45a1f3ff244d5e78f8b6"},
    {file = "pydantic_core-2.3.0-cp312-cp312-musllinux_1_1_aarch64.whl", hash = "sha256:534f3f63c000f08050c6f7f4378bf2b52d7ba9214e9d35e3f60f7ad24a4d6425"},
    {file = "pydantic_core-2.3.0-cp312-cp312-musllinux_1_1_x86_64.whl", hash = "sha256:ef6a222d54f742c24f6b143aab088702db3a827b224e75b9dd28b38597c595fe"},
    {file = "pydantic_core-2.3.0-cp312-none-win32.whl", hash = "sha256:4e26944e64ecc1d7b19db954c0f7b471f3b141ec8e1a9f57cfe27671525cd248"},
    {file = "pydantic_core-2.3.0-cp312-none-win_amd64.whl", hash = "sha256:019c5c41941438570dfc7d3f0ae389b2425add1775a357ce1e83ed1434f943d6"},
    {file = "pydantic_core-2.3.0-cp37-cp37m-macosx_10_7_x86_64.whl", hash = "sha256:27c1bbfb9d84a75cf33b7f19b53c29eb7ead99b235fce52aced5507174ab8f98"},
    {file = "pydantic_core-2.3.0-cp37-cp37m-macosx_11_0_arm64.whl", hash = "sha256:7cb496e934b71f1ade844ab91d6ccac78a3520e5df02fdb2357f85a71e541e69"},
    {file = "pydantic_core-2.3.0-cp37-cp37m-manylinux_2_17_aarch64.manylinux2014_aarch64.whl", hash = "sha256:5af2d43b1978958d91351afbcc9b4d0cfe144c46c61740e82aaac8bb39ab1a4d"},
    {file = "pydantic_core-2.3.0-cp37-cp37m-manylinux_2_17_x86_64.manylinux2014_x86_64.whl", hash = "sha256:4d3097c39d7d4e8dba2ef86de171dcccad876c36d8379415ba18a5a4d0533510"},
    {file = "pydantic_core-2.3.0-cp37-cp37m-manylinux_2_24_armv7l.whl", hash = "sha256:dd3b023f3317dbbbc775e43651ce1a31a9cea46216ad0b5be37afc18a2007699"},
    {file = "pydantic_core-2.3.0-cp37-cp37m-manylinux_2_24_ppc64le.whl", hash = "sha256:27babb9879bf2c45ed655d02639f4c30e2b9ef1b71ce59c2305bbf7287910a18"},
    {file = "pydantic_core-2.3.0-cp37-cp37m-manylinux_2_24_s390x.whl", hash = "sha256:2183a9e18cdc0de53bdaa1675f237259162abeb62d6ac9e527c359c1074dc55d"},
    {file = "pydantic_core-2.3.0-cp37-cp37m-manylinux_2_5_i686.manylinux1_i686.whl", hash = "sha256:c089d8e7f1b4db08b2f8e4107304eec338df046275dad432635a9be9531e2fc8"},
    {file = "pydantic_core-2.3.0-cp37-cp37m-musllinux_1_1_aarch64.whl", hash = "sha256:2f10aa5452b865818dd0137f568d443f5e93b60a27080a01aa4b7512c7ba13a3"},
    {file = "pydantic_core-2.3.0-cp37-cp37m-musllinux_1_1_x86_64.whl", hash = "sha256:f642313d559f9d9a00c4de6820124059cc3342a0d0127b18301de2c680d5ea40"},
    {file = "pydantic_core-2.3.0-cp37-none-win32.whl", hash = "sha256:45327fc57afbe3f2c3d7f54a335d5cecee8a9fdb3906a2fbed8af4092f4926df"},
    {file = "pydantic_core-2.3.0-cp37-none-win_amd64.whl", hash = "sha256:e427b66596a6441a5607dfc0085b47d36073f88da7ac48afd284263b9b99e6ce"},
    {file = "pydantic_core-2.3.0-cp38-cp38-macosx_10_7_x86_64.whl", hash = "sha256:0b3d781c71b8bfb621ef23b9c874933e2cd33237c1a65cc20eeb37437f8e7e18"},
    {file = "pydantic_core-2.3.0-cp38-cp38-macosx_11_0_arm64.whl", hash = "sha256:ad46027dbd5c1db87dc0b49becbe23093b143a20302028d387dae37ee5ef95f5"},
    {file = "pydantic_core-2.3.0-cp38-cp38-manylinux_2_17_aarch64.manylinux2014_aarch64.whl", hash = "sha256:39aa09ed7ce2a648c904f79032d16dda29e6913112af8465a7bf710eef23c7ca"},
    {file = "pydantic_core-2.3.0-cp38-cp38-manylinux_2_17_x86_64.manylinux2014_x86_64.whl", hash = "sha256:05b4bf8c58409586a7a04c858a86ab10f28c6c1a7c33da65e0326c59d5b0ab16"},
    {file = "pydantic_core-2.3.0-cp38-cp38-manylinux_2_24_armv7l.whl", hash = "sha256:ba2b807d2b62c446120906b8580cddae1d76d3de4efbb95ccc87f5e35c75b4b2"},
    {file = "pydantic_core-2.3.0-cp38-cp38-manylinux_2_24_ppc64le.whl", hash = "sha256:ea955e4ed21f4bbb9b83fea09fc6af0bed82e69ecf6b35ec89237a0a49633033"},
    {file = "pydantic_core-2.3.0-cp38-cp38-manylinux_2_24_s390x.whl", hash = "sha256:06884c07956526ac9ebfef40fe21a11605569b8fc0e2054a375fb39c978bf48f"},
    {file = "pydantic_core-2.3.0-cp38-cp38-manylinux_2_5_i686.manylinux1_i686.whl", hash = "sha256:f868e731a18b403b88aa434d960489ceeed0ddeb44ebc02389540731a67705e0"},
    {file = "pydantic_core-2.3.0-cp38-cp38-musllinux_1_1_aarch64.whl", hash = "sha256:cb08fab0fc1db15c277b72e33ac74ad9c0c789413da8984a3eacb22a94b42ef4"},
    {file = "pydantic_core-2.3.0-cp38-cp38-musllinux_1_1_x86_64.whl", hash = "sha256:6ca34c29fbd6592de5fd39e80c1993634d704c4e7e14ba54c87b2c7c53da68fe"},
    {file = "pydantic_core-2.3.0-cp38-none-win32.whl", hash = "sha256:cd782807d35c8a41aaa7d30b5107784420eefd9fdc1c760d86007d43ae00b15d"},
    {file = "pydantic_core-2.3.0-cp38-none-win_amd64.whl", hash = "sha256:01f56d5ee70b1d39c0fd08372cc5142274070ab7181d17c86035f130eebc05b8"},
    {file = "pydantic_core-2.3.0-cp39-cp39-macosx_10_7_x86_64.whl", hash = "sha256:78b1ac0151271ce62bc2b33755f1043eda6a310373143a2f27e2bcd3d5fc8633"},
    {file = "pydantic_core-2.3.0-cp39-cp39-macosx_11_0_arm64.whl", hash = "sha256:64bfd2c35a2c350f73ac52dc134d8775f93359c4c969280a6fe5301b5b6e7431"},
    {file = "pydantic_core-2.3.0-cp39-cp39-manylinux_2_17_aarch64.manylinux2014_aarch64.whl", hash = "sha256:937c0fe9538f1212b62df6a68f8d78df3572fe3682d9a0dd8851eac8a4e46063"},
    {file = "pydantic_core-2.3.0-cp39-cp39-manylinux_2_17_x86_64.manylinux2014_x86_64.whl", hash = "sha256:4d965c7c4b40d1cedec9188782e98bd576f9a04868835604200c3a6e817b824f"},
    {file = "pydantic_core-2.3.0-cp39-cp39-manylinux_2_24_armv7l.whl", hash = "sha256:ad442b8585ed4a3c2d22e4bf7b465d9b7d281e055b09719a8aeb5b576422dc9b"},
    {file = "pydantic_core-2.3.0-cp39-cp39-manylinux_2_24_ppc64le.whl", hash = "sha256:4bf20c9722821fce766e685718e739deeccc60d6bc7be5029281db41f999ee0c"},
    {file = "pydantic_core-2.3.0-cp39-cp39-manylinux_2_24_s390x.whl", hash = "sha256:f3dd5333049b5b3faa739e0f40b77cc8b7a1aded2f2da0e28794c81586d7b08a"},
    {file = "pydantic_core-2.3.0-cp39-cp39-manylinux_2_5_i686.manylinux1_i686.whl", hash = "sha256:0dc5f516b24d24bc9e8dd9305460899f38302b3c4f9752663b396ef9848557bf"},
    {file = "pydantic_core-2.3.0-cp39-cp39-musllinux_1_1_aarch64.whl", hash = "sha256:055f7ea6b1fbb37880d66d70eefd22dd319b09c79d2cb99b1dbfeb34b653b0b2"},
    {file = "pydantic_core-2.3.0-cp39-cp39-musllinux_1_1_x86_64.whl", hash = "sha256:af693a89db6d6ac97dd84dd7769b3f2bd9007b578127d0e7dda03053f4d3b34b"},
    {file = "pydantic_core-2.3.0-cp39-none-win32.whl", hash = "sha256:f60e31e3e15e8c294bf70c60f8ae4d0c3caf3af8f26466e9aa8ea4c01302749b"},
    {file = "pydantic_core-2.3.0-cp39-none-win_amd64.whl", hash = "sha256:2b79f3681481f4424d7845cc7a261d5a4baa810d656b631fa844dc9967b36a7b"},
    {file = "pydantic_core-2.3.0-pp310-pypy310_pp73-macosx_10_7_x86_64.whl", hash = "sha256:a666134b41712e30a71afaa26deeb4da374179f769fa49784cdf0e7698880fab"},
    {file = "pydantic_core-2.3.0-pp310-pypy310_pp73-manylinux_2_17_aarch64.manylinux2014_aarch64.whl", hash = "sha256:1c119e9227487ad3d7c3c737d896afe548a6be554091f9745da1f4b489c40561"},
    {file = "pydantic_core-2.3.0-pp310-pypy310_pp73-manylinux_2_17_x86_64.manylinux2014_x86_64.whl", hash = "sha256:73929a2fb600a2333fce2efd92596cff5e6bf8946e20e93c067b220760064862"},
    {file = "pydantic_core-2.3.0-pp310-pypy310_pp73-manylinux_2_5_i686.manylinux1_i686.whl", hash = "sha256:41bbc2678a5b6a19371b2cb51f30ccea71f0c14b26477d2d884fed761cea42c7"},
    {file = "pydantic_core-2.3.0-pp310-pypy310_pp73-musllinux_1_1_aarch64.whl", hash = "sha256:dcbff997f47d45bf028bda4c3036bb3101e89a3df271281d392b6175f71c71d1"},
    {file = "pydantic_core-2.3.0-pp310-pypy310_pp73-musllinux_1_1_x86_64.whl", hash = "sha256:afa8808159169368b66e4fbeafac6c6fd8f26246dc4d0dcc2caf94bd9cf1b828"},
    {file = "pydantic_core-2.3.0-pp310-pypy310_pp73-win_amd64.whl", hash = "sha256:12be3b5f54f8111ca38e6b7277f26c23ba5cb3344fae06f879a0a93dfc8b479e"},
    {file = "pydantic_core-2.3.0-pp37-pypy37_pp73-macosx_10_7_x86_64.whl", hash = "sha256:ed5babdcd3d052ba5cf8832561f18df20778c7ccf12587b2d82f7bf3bf259a0e"},
    {file = "pydantic_core-2.3.0-pp37-pypy37_pp73-manylinux_2_17_aarch64.manylinux2014_aarch64.whl", hash = "sha256:3d642e5c029e2acfacf6aa0a7a3e822086b3b777c70d364742561f9ca64c1ffc"},
    {file = "pydantic_core-2.3.0-pp37-pypy37_pp73-manylinux_2_17_x86_64.manylinux2014_x86_64.whl", hash = "sha256:8ba3073eb38a1294e8c7902989fb80a7a147a69db2396818722bd078476586a0"},
    {file = "pydantic_core-2.3.0-pp37-pypy37_pp73-manylinux_2_5_i686.manylinux1_i686.whl", hash = "sha256:d5146a6749b1905e04e62e0ad4622f079e5582f8b3abef5fb64516c623127908"},
    {file = "pydantic_core-2.3.0-pp37-pypy37_pp73-musllinux_1_1_aarch64.whl", hash = "sha256:deeb64335f489c3c11949cbd1d1668b3f1fb2d1c6a5bf40e126ef7bf95f9fa40"},
    {file = "pydantic_core-2.3.0-pp37-pypy37_pp73-musllinux_1_1_x86_64.whl", hash = "sha256:31acc37288b8e69e4849f618c3d5cf13b58077c1a1ff9ade0b3065ba974cd385"},
    {file = "pydantic_core-2.3.0-pp37-pypy37_pp73-win_amd64.whl", hash = "sha256:e09d9f6d722de9d4c1c5f122ea9bc6b25a05f975457805af4dcab7b0128aacbf"},
    {file = "pydantic_core-2.3.0-pp38-pypy38_pp73-macosx_10_7_x86_64.whl", hash = "sha256:ba6a8cf089222a171b8f84e6ec2d10f7a9d14f26be3a347b14775a8741810676"},
    {file = "pydantic_core-2.3.0-pp38-pypy38_pp73-manylinux_2_17_aarch64.manylinux2014_aarch64.whl", hash = "sha256:ef1fd1b24e9bcddcb168437686677104e205c8e25b066e73ffdf331d3bb8792b"},
    {file = "pydantic_core-2.3.0-pp38-pypy38_pp73-manylinux_2_17_x86_64.manylinux2014_x86_64.whl", hash = "sha256:eda1a89c4526826c0a87d33596a4cd15b8f58e9250f503e39af1699ba9c878e8"},
    {file = "pydantic_core-2.3.0-pp38-pypy38_pp73-manylinux_2_5_i686.manylinux1_i686.whl", hash = "sha256:a3e9a18401a28db4358da2e191508702dbf065f2664c710708cdf9552b9fa50c"},
    {file = "pydantic_core-2.3.0-pp38-pypy38_pp73-musllinux_1_1_aarch64.whl", hash = "sha256:a439fd0d45d51245bbde799726adda5bd18aed3fa2b01ab2e6a64d6d13776fa3"},
    {file = "pydantic_core-2.3.0-pp38-pypy38_pp73-musllinux_1_1_x86_64.whl", hash = "sha256:bf6a1d2c920cc9528e884850a4b2ee7629e3d362d5c44c66526d4097bbb07a1a"},
    {file = "pydantic_core-2.3.0-pp38-pypy38_pp73-win_amd64.whl", hash = "sha256:e33fcbea3b63a339dd94de0fc442fefacfe681cc7027ce63f67af9f7ceec7422"},
    {file = "pydantic_core-2.3.0-pp39-pypy39_pp73-macosx_10_7_x86_64.whl", hash = "sha256:bf3ed993bdf4754909f175ff348cf8f78d4451215b8aa338633f149ca3b1f37a"},
    {file = "pydantic_core-2.3.0-pp39-pypy39_pp73-manylinux_2_17_aarch64.manylinux2014_aarch64.whl", hash = "sha256:7584171eb3115acd4aba699bc836634783f5bd5aab131e88d8eeb8a3328a4a72"},
    {file = "pydantic_core-2.3.0-pp39-pypy39_pp73-manylinux_2_17_x86_64.manylinux2014_x86_64.whl", hash = "sha256:1624baa76d1740711b2048f302ae9a6d73d277c55a8c3e88b53b773ebf73a971"},
    {file = "pydantic_core-2.3.0-pp39-pypy39_pp73-manylinux_2_5_i686.manylinux1_i686.whl", hash = "sha256:06f33f695527f5a86e090f208978f9fd252c9cfc7e869d3b679bd71f7cb2c1fa"},
    {file = "pydantic_core-2.3.0-pp39-pypy39_pp73-musllinux_1_1_aarch64.whl", hash = "sha256:7ecf0a67b212900e92f328181fed02840d74ed39553cdb38d27314e2b9c89dfa"},
    {file = "pydantic_core-2.3.0-pp39-pypy39_pp73-musllinux_1_1_x86_64.whl", hash = "sha256:45fa1e8ad6f4367ad73674ca560da8e827cc890eaf371f3ee063d6d7366a207b"},
    {file = "pydantic_core-2.3.0-pp39-pypy39_pp73-win_amd64.whl", hash = "sha256:8d0dbcc57839831ae79fd24b1b83d42bc9448d79feaf3ed3fb5cbf94ffbf3eb7"},
    {file = "pydantic_core-2.3.0.tar.gz", hash = "sha256:5cfb5ac4e82c47d5dc25b209dd4c3989e284b80109f9e08b33c895080c424b4f"},
]
sniffio = [
    {file = "sniffio-1.3.0-py3-none-any.whl", hash = "sha256:eecefdce1e5bbfb7ad2eeaabf7c1eeb404d7757c379bd1f7e5cce9d8bf425384"},
    {file = "sniffio-1.3.0.tar.gz", hash = "sha256:e60305c5e5d314f5389259b7f22aaa33d8f7dee49763119234af3755c55b9101"},
]
starlette = [
    {file = "starlette-0.27.0-py3-none-any.whl", hash = "sha256:918416370e846586541235ccd38a474c08b80443ed31c578a418e2209b3eef91"},
    {file = "starlette-0.27.0.tar.gz", hash = "sha256:6a6b0d042acb8d469a01eba54e9cda6cbd24ac602c4cd016723117d6a7e73b75"},
]
typing-extensions = [
    {file = "typing_extensions-4.7.1-py3-none-any.whl", hash = "sha256:440d5dd3af93b060174bf433bccd69b0babc3b15b1a8dca43789fd7f61514b36"},
    {file = "typing_extensions-4.7.1.tar.gz", hash = "sha256:b75ddc264f0ba5615db7ba217daeb99701ad295353c45f9e95963337ceeeffb2"},
]
uvicorn = [
    {file = "uvicorn-0.23.1-py3-none-any.whl", hash = "sha256:1d55d46b83ee4ce82b4e82f621f2050adb3eb7b5481c13f9af1744951cae2f1f"},
    {file = "uvicorn-0.23.1.tar.gz", hash = "sha256:da9b0c8443b2d7ee9db00a345f1eee6db7317432c9d4400f5049cc8d358383be"},
]
